// !$*UTF8*$!
{
	archiveVersion = 1;
	classes = {
	};
	objectVersion = 56;
	objects = {

/* Begin PBXBuildFile section */
		9311E23629BDDEE6005E2C63 /* SomeSwiftClass.swift in Sources */ = {isa = PBXBuildFile; fileRef = 9311E23529BDDEE6005E2C63 /* SomeSwiftClass.swift */; };
		93FFAADA29BDD8B300197486 /* DangerousObjcMigrationApp.swift in Sources */ = {isa = PBXBuildFile; fileRef = 93FFAAD929BDD8B300197486 /* DangerousObjcMigrationApp.swift */; };
		93FFAADC29BDD8B300197486 /* ContentView.swift in Sources */ = {isa = PBXBuildFile; fileRef = 93FFAADB29BDD8B300197486 /* ContentView.swift */; };
		93FFAADE29BDD8B400197486 /* Assets.xcassets in Resources */ = {isa = PBXBuildFile; fileRef = 93FFAADD29BDD8B400197486 /* Assets.xcassets */; };
		93FFAAE229BDD8B400197486 /* Preview Assets.xcassets in Resources */ = {isa = PBXBuildFile; fileRef = 93FFAAE129BDD8B400197486 /* Preview Assets.xcassets */; };
		93FFAAEC29BDD8B400197486 /* DangerousObjcMigrationTests.swift in Sources */ = {isa = PBXBuildFile; fileRef = 93FFAAEB29BDD8B400197486 /* DangerousObjcMigrationTests.swift */; };
		93FFAAF629BDD8B400197486 /* DangerousObjcMigrationUITests.swift in Sources */ = {isa = PBXBuildFile; fileRef = 93FFAAF529BDD8B400197486 /* DangerousObjcMigrationUITests.swift */; };
		93FFAAF829BDD8B400197486 /* DangerousObjcMigrationUITestsLaunchTests.swift in Sources */ = {isa = PBXBuildFile; fileRef = 93FFAAF729BDD8B400197486 /* DangerousObjcMigrationUITestsLaunchTests.swift */; };
		93FFAB0629BDD97700197486 /* SomeObjcClass.m in Sources */ = {isa = PBXBuildFile; fileRef = 93FFAB0529BDD97700197486 /* SomeObjcClass.m */; };
/* End PBXBuildFile section */

/* Begin PBXContainerItemProxy section */
		93FFAAE829BDD8B400197486 /* PBXContainerItemProxy */ = {
			isa = PBXContainerItemProxy;
			containerPortal = 93FFAACE29BDD8B300197486 /* Project object */;
			proxyType = 1;
			remoteGlobalIDString = 93FFAAD529BDD8B300197486;
			remoteInfo = DangerousObjcMigration;
		};
		93FFAAF229BDD8B400197486 /* PBXContainerItemProxy */ = {
			isa = PBXContainerItemProxy;
			containerPortal = 93FFAACE29BDD8B300197486 /* Project object */;
			proxyType = 1;
			remoteGlobalIDString = 93FFAAD529BDD8B300197486;
			remoteInfo = DangerousObjcMigration;
		};
/* End PBXContainerItemProxy section */

/* Begin PBXFileReference section */
		9311E23529BDDEE6005E2C63 /* SomeSwiftClass.swift */ = {isa = PBXFileReference; lastKnownFileType = sourcecode.swift; path = SomeSwiftClass.swift; sourceTree = "<group>"; };
		9311E23729BDE2D0005E2C63 /* DangerousObjcMigrationTests-Bridging-Header.h */ = {isa = PBXFileReference; lastKnownFileType = sourcecode.c.h; path = "DangerousObjcMigrationTests-Bridging-Header.h"; sourceTree = "<group>"; };
		93FFAAD629BDD8B300197486 /* DangerousObjcMigration.app */ = {isa = PBXFileReference; explicitFileType = wrapper.application; includeInIndex = 0; path = DangerousObjcMigration.app; sourceTree = BUILT_PRODUCTS_DIR; };
		93FFAAD929BDD8B300197486 /* DangerousObjcMigrationApp.swift */ = {isa = PBXFileReference; lastKnownFileType = sourcecode.swift; path = DangerousObjcMigrationApp.swift; sourceTree = "<group>"; };
		93FFAADB29BDD8B300197486 /* ContentView.swift */ = {isa = PBXFileReference; lastKnownFileType = sourcecode.swift; path = ContentView.swift; sourceTree = "<group>"; };
		93FFAADD29BDD8B400197486 /* Assets.xcassets */ = {isa = PBXFileReference; lastKnownFileType = folder.assetcatalog; path = Assets.xcassets; sourceTree = "<group>"; };
		93FFAADF29BDD8B400197486 /* DangerousObjcMigration.entitlements */ = {isa = PBXFileReference; lastKnownFileType = text.plist.entitlements; path = DangerousObjcMigration.entitlements; sourceTree = "<group>"; };
		93FFAAE129BDD8B400197486 /* Preview Assets.xcassets */ = {isa = PBXFileReference; lastKnownFileType = folder.assetcatalog; path = "Preview Assets.xcassets"; sourceTree = "<group>"; };
		93FFAAE729BDD8B400197486 /* DangerousObjcMigrationTests.xctest */ = {isa = PBXFileReference; explicitFileType = wrapper.cfbundle; includeInIndex = 0; path = DangerousObjcMigrationTests.xctest; sourceTree = BUILT_PRODUCTS_DIR; };
		93FFAAEB29BDD8B400197486 /* DangerousObjcMigrationTests.swift */ = {isa = PBXFileReference; lastKnownFileType = sourcecode.swift; path = DangerousObjcMigrationTests.swift; sourceTree = "<group>"; };
		93FFAAF129BDD8B400197486 /* DangerousObjcMigrationUITests.xctest */ = {isa = PBXFileReference; explicitFileType = wrapper.cfbundle; includeInIndex = 0; path = DangerousObjcMigrationUITests.xctest; sourceTree = BUILT_PRODUCTS_DIR; };
		93FFAAF529BDD8B400197486 /* DangerousObjcMigrationUITests.swift */ = {isa = PBXFileReference; lastKnownFileType = sourcecode.swift; path = DangerousObjcMigrationUITests.swift; sourceTree = "<group>"; };
		93FFAAF729BDD8B400197486 /* DangerousObjcMigrationUITestsLaunchTests.swift */ = {isa = PBXFileReference; lastKnownFileType = sourcecode.swift; path = DangerousObjcMigrationUITestsLaunchTests.swift; sourceTree = "<group>"; };
		93FFAB0429BDD97600197486 /* DangerousObjcMigration-Bridging-Header.h */ = {isa = PBXFileReference; lastKnownFileType = sourcecode.c.h; path = "DangerousObjcMigration-Bridging-Header.h"; sourceTree = "<group>"; };
		93FFAB0529BDD97700197486 /* SomeObjcClass.m */ = {isa = PBXFileReference; lastKnownFileType = sourcecode.c.objc; path = SomeObjcClass.m; sourceTree = "<group>"; };
		93FFAB0729BDD99700197486 /* SomeObjcClass.h */ = {isa = PBXFileReference; lastKnownFileType = sourcecode.c.h; path = SomeObjcClass.h; sourceTree = "<group>"; };
/* End PBXFileReference section */

/* Begin PBXFrameworksBuildPhase section */
		93FFAAD329BDD8B300197486 /* Frameworks */ = {
			isa = PBXFrameworksBuildPhase;
			buildActionMask = 2147483647;
			files = (
			);
			runOnlyForDeploymentPostprocessing = 0;
		};
		93FFAAE429BDD8B400197486 /* Frameworks */ = {
			isa = PBXFrameworksBuildPhase;
			buildActionMask = 2147483647;
			files = (
			);
			runOnlyForDeploymentPostprocessing = 0;
		};
		93FFAAEE29BDD8B400197486 /* Frameworks */ = {
			isa = PBXFrameworksBuildPhase;
			buildActionMask = 2147483647;
			files = (
			);
			runOnlyForDeploymentPostprocessing = 0;
		};
/* End PBXFrameworksBuildPhase section */

/* Begin PBXGroup section */
		93FFAACD29BDD8B300197486 = {
			isa = PBXGroup;
			children = (
				93FFAAD829BDD8B300197486 /* DangerousObjcMigration */,
				93FFAAEA29BDD8B400197486 /* DangerousObjcMigrationTests */,
				93FFAAF429BDD8B400197486 /* DangerousObjcMigrationUITests */,
				93FFAAD729BDD8B300197486 /* Products */,
			);
			sourceTree = "<group>";
		};
		93FFAAD729BDD8B300197486 /* Products */ = {
			isa = PBXGroup;
			children = (
				93FFAAD629BDD8B300197486 /* DangerousObjcMigration.app */,
				93FFAAE729BDD8B400197486 /* DangerousObjcMigrationTests.xctest */,
				93FFAAF129BDD8B400197486 /* DangerousObjcMigrationUITests.xctest */,
			);
			name = Products;
			sourceTree = "<group>";
		};
		93FFAAD829BDD8B300197486 /* DangerousObjcMigration */ = {
			isa = PBXGroup;
			children = (
				93FFAAD929BDD8B300197486 /* DangerousObjcMigrationApp.swift */,
				93FFAADB29BDD8B300197486 /* ContentView.swift */,
				93FFAADD29BDD8B400197486 /* Assets.xcassets */,
				93FFAADF29BDD8B400197486 /* DangerousObjcMigration.entitlements */,
				93FFAAE029BDD8B400197486 /* Preview Content */,
				93FFAB0529BDD97700197486 /* SomeObjcClass.m */,
				93FFAB0429BDD97600197486 /* DangerousObjcMigration-Bridging-Header.h */,
				93FFAB0729BDD99700197486 /* SomeObjcClass.h */,
				9311E23529BDDEE6005E2C63 /* SomeSwiftClass.swift */,
			);
			path = DangerousObjcMigration;
			sourceTree = "<group>";
		};
		93FFAAE029BDD8B400197486 /* Preview Content */ = {
			isa = PBXGroup;
			children = (
				93FFAAE129BDD8B400197486 /* Preview Assets.xcassets */,
			);
			path = "Preview Content";
			sourceTree = "<group>";
		};
		93FFAAEA29BDD8B400197486 /* DangerousObjcMigrationTests */ = {
			isa = PBXGroup;
			children = (
				93FFAAEB29BDD8B400197486 /* DangerousObjcMigrationTests.swift */,
				9311E23729BDE2D0005E2C63 /* DangerousObjcMigrationTests-Bridging-Header.h */,
			);
			path = DangerousObjcMigrationTests;
			sourceTree = "<group>";
		};
		93FFAAF429BDD8B400197486 /* DangerousObjcMigrationUITests */ = {
			isa = PBXGroup;
			children = (
				93FFAAF529BDD8B400197486 /* DangerousObjcMigrationUITests.swift */,
				93FFAAF729BDD8B400197486 /* DangerousObjcMigrationUITestsLaunchTests.swift */,
			);
			path = DangerousObjcMigrationUITests;
			sourceTree = "<group>";
		};
/* End PBXGroup section */

/* Begin PBXNativeTarget section */
		93FFAAD529BDD8B300197486 /* DangerousObjcMigration */ = {
			isa = PBXNativeTarget;
			buildConfigurationList = 93FFAAFB29BDD8B400197486 /* Build configuration list for PBXNativeTarget "DangerousObjcMigration" */;
			buildPhases = (
				93FFAAD229BDD8B300197486 /* Sources */,
				93FFAAD329BDD8B300197486 /* Frameworks */,
				93FFAAD429BDD8B300197486 /* Resources */,
			);
			buildRules = (
			);
			dependencies = (
			);
			name = DangerousObjcMigration;
			productName = DangerousObjcMigration;
			productReference = 93FFAAD629BDD8B300197486 /* DangerousObjcMigration.app */;
			productType = "com.apple.product-type.application";
		};
		93FFAAE629BDD8B400197486 /* DangerousObjcMigrationTests */ = {
			isa = PBXNativeTarget;
			buildConfigurationList = 93FFAAFE29BDD8B400197486 /* Build configuration list for PBXNativeTarget "DangerousObjcMigrationTests" */;
			buildPhases = (
				93FFAAE329BDD8B400197486 /* Sources */,
				93FFAAE429BDD8B400197486 /* Frameworks */,
				93FFAAE529BDD8B400197486 /* Resources */,
			);
			buildRules = (
			);
			dependencies = (
				93FFAAE929BDD8B400197486 /* PBXTargetDependency */,
			);
			name = DangerousObjcMigrationTests;
			productName = DangerousObjcMigrationTests;
			productReference = 93FFAAE729BDD8B400197486 /* DangerousObjcMigrationTests.xctest */;
			productType = "com.apple.product-type.bundle.unit-test";
		};
		93FFAAF029BDD8B400197486 /* DangerousObjcMigrationUITests */ = {
			isa = PBXNativeTarget;
			buildConfigurationList = 93FFAB0129BDD8B400197486 /* Build configuration list for PBXNativeTarget "DangerousObjcMigrationUITests" */;
			buildPhases = (
				93FFAAED29BDD8B400197486 /* Sources */,
				93FFAAEE29BDD8B400197486 /* Frameworks */,
				93FFAAEF29BDD8B400197486 /* Resources */,
			);
			buildRules = (
			);
			dependencies = (
				93FFAAF329BDD8B400197486 /* PBXTargetDependency */,
			);
			name = DangerousObjcMigrationUITests;
			productName = DangerousObjcMigrationUITests;
			productReference = 93FFAAF129BDD8B400197486 /* DangerousObjcMigrationUITests.xctest */;
			productType = "com.apple.product-type.bundle.ui-testing";
		};
/* End PBXNativeTarget section */

/* Begin PBXProject section */
		93FFAACE29BDD8B300197486 /* Project object */ = {
			isa = PBXProject;
			attributes = {
				BuildIndependentTargetsInParallel = 1;
				LastSwiftUpdateCheck = 1420;
				LastUpgradeCheck = 1420;
				TargetAttributes = {
					93FFAAD529BDD8B300197486 = {
						CreatedOnToolsVersion = 14.2;
						LastSwiftMigration = 1420;
					};
					93FFAAE629BDD8B400197486 = {
						CreatedOnToolsVersion = 14.2;
						LastSwiftMigration = 1420;
						TestTargetID = 93FFAAD529BDD8B300197486;
					};
					93FFAAF029BDD8B400197486 = {
						CreatedOnToolsVersion = 14.2;
						TestTargetID = 93FFAAD529BDD8B300197486;
					};
				};
			};
			buildConfigurationList = 93FFAAD129BDD8B300197486 /* Build configuration list for PBXProject "DangerousObjcMigration" */;
			compatibilityVersion = "Xcode 14.0";
			developmentRegion = en;
			hasScannedForEncodings = 0;
			knownRegions = (
				en,
				Base,
			);
			mainGroup = 93FFAACD29BDD8B300197486;
			productRefGroup = 93FFAAD729BDD8B300197486 /* Products */;
			projectDirPath = "";
			projectRoot = "";
			targets = (
				93FFAAD529BDD8B300197486 /* DangerousObjcMigration */,
				93FFAAE629BDD8B400197486 /* DangerousObjcMigrationTests */,
				93FFAAF029BDD8B400197486 /* DangerousObjcMigrationUITests */,
			);
		};
/* End PBXProject section */

/* Begin PBXResourcesBuildPhase section */
		93FFAAD429BDD8B300197486 /* Resources */ = {
			isa = PBXResourcesBuildPhase;
			buildActionMask = 2147483647;
			files = (
				93FFAAE229BDD8B400197486 /* Preview Assets.xcassets in Resources */,
				93FFAADE29BDD8B400197486 /* Assets.xcassets in Resources */,
			);
			runOnlyForDeploymentPostprocessing = 0;
		};
		93FFAAE529BDD8B400197486 /* Resources */ = {
			isa = PBXResourcesBuildPhase;
			buildActionMask = 2147483647;
			files = (
			);
			runOnlyForDeploymentPostprocessing = 0;
		};
		93FFAAEF29BDD8B400197486 /* Resources */ = {
			isa = PBXResourcesBuildPhase;
			buildActionMask = 2147483647;
			files = (
			);
			runOnlyForDeploymentPostprocessing = 0;
		};
/* End PBXResourcesBuildPhase section */

/* Begin PBXSourcesBuildPhase section */
		93FFAAD229BDD8B300197486 /* Sources */ = {
			isa = PBXSourcesBuildPhase;
			buildActionMask = 2147483647;
			files = (
				93FFAADC29BDD8B300197486 /* ContentView.swift in Sources */,
				93FFAB0629BDD97700197486 /* SomeObjcClass.m in Sources */,
				9311E23629BDDEE6005E2C63 /* SomeSwiftClass.swift in Sources */,
				93FFAADA29BDD8B300197486 /* DangerousObjcMigrationApp.swift in Sources */,
			);
			runOnlyForDeploymentPostprocessing = 0;
		};
		93FFAAE329BDD8B400197486 /* Sources */ = {
			isa = PBXSourcesBuildPhase;
			buildActionMask = 2147483647;
			files = (
				93FFAAEC29BDD8B400197486 /* DangerousObjcMigrationTests.swift in Sources */,
			);
			runOnlyForDeploymentPostprocessing = 0;
		};
		93FFAAED29BDD8B400197486 /* Sources */ = {
			isa = PBXSourcesBuildPhase;
			buildActionMask = 2147483647;
			files = (
				93FFAAF829BDD8B400197486 /* DangerousObjcMigrationUITestsLaunchTests.swift in Sources */,
				93FFAAF629BDD8B400197486 /* DangerousObjcMigrationUITests.swift in Sources */,
			);
			runOnlyForDeploymentPostprocessing = 0;
		};
/* End PBXSourcesBuildPhase section */

/* Begin PBXTargetDependency section */
		93FFAAE929BDD8B400197486 /* PBXTargetDependency */ = {
			isa = PBXTargetDependency;
			target = 93FFAAD529BDD8B300197486 /* DangerousObjcMigration */;
			targetProxy = 93FFAAE829BDD8B400197486 /* PBXContainerItemProxy */;
		};
		93FFAAF329BDD8B400197486 /* PBXTargetDependency */ = {
			isa = PBXTargetDependency;
			target = 93FFAAD529BDD8B300197486 /* DangerousObjcMigration */;
			targetProxy = 93FFAAF229BDD8B400197486 /* PBXContainerItemProxy */;
		};
/* End PBXTargetDependency section */

/* Begin XCBuildConfiguration section */
		93FFAAF929BDD8B400197486 /* Debug */ = {
			isa = XCBuildConfiguration;
			buildSettings = {
				ALWAYS_SEARCH_USER_PATHS = NO;
				CLANG_ANALYZER_NONNULL = YES;
				CLANG_ANALYZER_NUMBER_OBJECT_CONVERSION = YES_AGGRESSIVE;
				CLANG_CXX_LANGUAGE_STANDARD = "gnu++20";
				CLANG_ENABLE_MODULES = YES;
				CLANG_ENABLE_OBJC_ARC = YES;
				CLANG_ENABLE_OBJC_WEAK = YES;
				CLANG_WARN_BLOCK_CAPTURE_AUTORELEASING = YES;
				CLANG_WARN_BOOL_CONVERSION = YES;
				CLANG_WARN_COMMA = YES;
				CLANG_WARN_CONSTANT_CONVERSION = YES;
				CLANG_WARN_DEPRECATED_OBJC_IMPLEMENTATIONS = YES;
				CLANG_WARN_DIRECT_OBJC_ISA_USAGE = YES_ERROR;
				CLANG_WARN_DOCUMENTATION_COMMENTS = YES;
				CLANG_WARN_EMPTY_BODY = YES;
				CLANG_WARN_ENUM_CONVERSION = YES;
				CLANG_WARN_INFINITE_RECURSION = YES;
				CLANG_WARN_INT_CONVERSION = YES;
				CLANG_WARN_NON_LITERAL_NULL_CONVERSION = YES;
				CLANG_WARN_OBJC_IMPLICIT_RETAIN_SELF = YES;
				CLANG_WARN_OBJC_LITERAL_CONVERSION = YES;
				CLANG_WARN_OBJC_ROOT_CLASS = YES_ERROR;
				CLANG_WARN_QUOTED_INCLUDE_IN_FRAMEWORK_HEADER = YES;
				CLANG_WARN_RANGE_LOOP_ANALYSIS = YES;
				CLANG_WARN_STRICT_PROTOTYPES = YES;
				CLANG_WARN_SUSPICIOUS_MOVE = YES;
				CLANG_WARN_UNGUARDED_AVAILABILITY = YES_AGGRESSIVE;
				CLANG_WARN_UNREACHABLE_CODE = YES;
				CLANG_WARN__DUPLICATE_METHOD_MATCH = YES;
				COPY_PHASE_STRIP = NO;
				DEBUG_INFORMATION_FORMAT = dwarf;
				ENABLE_STRICT_OBJC_MSGSEND = YES;
				ENABLE_TESTABILITY = YES;
				GCC_C_LANGUAGE_STANDARD = gnu11;
				GCC_DYNAMIC_NO_PIC = NO;
				GCC_NO_COMMON_BLOCKS = YES;
				GCC_OPTIMIZATION_LEVEL = 0;
				GCC_PREPROCESSOR_DEFINITIONS = (
					"DEBUG=1",
					"$(inherited)",
				);
				GCC_WARN_64_TO_32_BIT_CONVERSION = YES;
				GCC_WARN_ABOUT_RETURN_TYPE = YES_ERROR;
				GCC_WARN_UNDECLARED_SELECTOR = YES;
				GCC_WARN_UNINITIALIZED_AUTOS = YES_AGGRESSIVE;
				GCC_WARN_UNUSED_FUNCTION = YES;
				GCC_WARN_UNUSED_VARIABLE = YES;
				MTL_ENABLE_DEBUG_INFO = INCLUDE_SOURCE;
				MTL_FAST_MATH = YES;
				ONLY_ACTIVE_ARCH = YES;
				SWIFT_ACTIVE_COMPILATION_CONDITIONS = DEBUG;
				SWIFT_OPTIMIZATION_LEVEL = "-Onone";
			};
			name = Debug;
		};
		93FFAAFA29BDD8B400197486 /* Release */ = {
			isa = XCBuildConfiguration;
			buildSettings = {
				ALWAYS_SEARCH_USER_PATHS = NO;
				CLANG_ANALYZER_NONNULL = YES;
				CLANG_ANALYZER_NUMBER_OBJECT_CONVERSION = YES_AGGRESSIVE;
				CLANG_CXX_LANGUAGE_STANDARD = "gnu++20";
				CLANG_ENABLE_MODULES = YES;
				CLANG_ENABLE_OBJC_ARC = YES;
				CLANG_ENABLE_OBJC_WEAK = YES;
				CLANG_WARN_BLOCK_CAPTURE_AUTORELEASING = YES;
				CLANG_WARN_BOOL_CONVERSION = YES;
				CLANG_WARN_COMMA = YES;
				CLANG_WARN_CONSTANT_CONVERSION = YES;
				CLANG_WARN_DEPRECATED_OBJC_IMPLEMENTATIONS = YES;
				CLANG_WARN_DIRECT_OBJC_ISA_USAGE = YES_ERROR;
				CLANG_WARN_DOCUMENTATION_COMMENTS = YES;
				CLANG_WARN_EMPTY_BODY = YES;
				CLANG_WARN_ENUM_CONVERSION = YES;
				CLANG_WARN_INFINITE_RECURSION = YES;
				CLANG_WARN_INT_CONVERSION = YES;
				CLANG_WARN_NON_LITERAL_NULL_CONVERSION = YES;
				CLANG_WARN_OBJC_IMPLICIT_RETAIN_SELF = YES;
				CLANG_WARN_OBJC_LITERAL_CONVERSION = YES;
				CLANG_WARN_OBJC_ROOT_CLASS = YES_ERROR;
				CLANG_WARN_QUOTED_INCLUDE_IN_FRAMEWORK_HEADER = YES;
				CLANG_WARN_RANGE_LOOP_ANALYSIS = YES;
				CLANG_WARN_STRICT_PROTOTYPES = YES;
				CLANG_WARN_SUSPICIOUS_MOVE = YES;
				CLANG_WARN_UNGUARDED_AVAILABILITY = YES_AGGRESSIVE;
				CLANG_WARN_UNREACHABLE_CODE = YES;
				CLANG_WARN__DUPLICATE_METHOD_MATCH = YES;
				COPY_PHASE_STRIP = NO;
				DEBUG_INFORMATION_FORMAT = "dwarf-with-dsym";
				ENABLE_NS_ASSERTIONS = NO;
				ENABLE_STRICT_OBJC_MSGSEND = YES;
				GCC_C_LANGUAGE_STANDARD = gnu11;
				GCC_NO_COMMON_BLOCKS = YES;
				GCC_WARN_64_TO_32_BIT_CONVERSION = YES;
				GCC_WARN_ABOUT_RETURN_TYPE = YES_ERROR;
				GCC_WARN_UNDECLARED_SELECTOR = YES;
				GCC_WARN_UNINITIALIZED_AUTOS = YES_AGGRESSIVE;
				GCC_WARN_UNUSED_FUNCTION = YES;
				GCC_WARN_UNUSED_VARIABLE = YES;
				MTL_ENABLE_DEBUG_INFO = NO;
				MTL_FAST_MATH = YES;
				SWIFT_COMPILATION_MODE = wholemodule;
				SWIFT_OPTIMIZATION_LEVEL = "-O";
			};
			name = Release;
		};
		93FFAAFC29BDD8B400197486 /* Debug */ = {
			isa = XCBuildConfiguration;
			buildSettings = {
				ASSETCATALOG_COMPILER_APPICON_NAME = AppIcon;
				ASSETCATALOG_COMPILER_GLOBAL_ACCENT_COLOR_NAME = AccentColor;
				CLANG_ENABLE_MODULES = YES;
				CODE_SIGN_ENTITLEMENTS = DangerousObjcMigration/DangerousObjcMigration.entitlements;
				CODE_SIGN_STYLE = Automatic;
				CURRENT_PROJECT_VERSION = 1;
				DEVELOPMENT_ASSET_PATHS = "\"DangerousObjcMigration/Preview Content\"";
				ENABLE_PREVIEWS = YES;
				GENERATE_INFOPLIST_FILE = YES;
				"INFOPLIST_KEY_UIApplicationSceneManifest_Generation[sdk=iphoneos*]" = YES;
				"INFOPLIST_KEY_UIApplicationSceneManifest_Generation[sdk=iphonesimulator*]" = YES;
				"INFOPLIST_KEY_UIApplicationSupportsIndirectInputEvents[sdk=iphoneos*]" = YES;
				"INFOPLIST_KEY_UIApplicationSupportsIndirectInputEvents[sdk=iphonesimulator*]" = YES;
				"INFOPLIST_KEY_UILaunchScreen_Generation[sdk=iphoneos*]" = YES;
				"INFOPLIST_KEY_UILaunchScreen_Generation[sdk=iphonesimulator*]" = YES;
				"INFOPLIST_KEY_UIStatusBarStyle[sdk=iphoneos*]" = UIStatusBarStyleDefault;
				"INFOPLIST_KEY_UIStatusBarStyle[sdk=iphonesimulator*]" = UIStatusBarStyleDefault;
				INFOPLIST_KEY_UISupportedInterfaceOrientations_iPad = "UIInterfaceOrientationPortrait UIInterfaceOrientationPortraitUpsideDown UIInterfaceOrientationLandscapeLeft UIInterfaceOrientationLandscapeRight";
				INFOPLIST_KEY_UISupportedInterfaceOrientations_iPhone = "UIInterfaceOrientationPortrait UIInterfaceOrientationLandscapeLeft UIInterfaceOrientationLandscapeRight";
				IPHONEOS_DEPLOYMENT_TARGET = 16.2;
				LD_RUNPATH_SEARCH_PATHS = "@executable_path/Frameworks";
				"LD_RUNPATH_SEARCH_PATHS[sdk=macosx*]" = "@executable_path/../Frameworks";
				MACOSX_DEPLOYMENT_TARGET = 13.1;
				MARKETING_VERSION = 1.0;
				PRODUCT_BUNDLE_IDENTIFIER = com.shinwan2.DangerousObjcMigration;
				PRODUCT_NAME = "$(TARGET_NAME)";
				SDKROOT = auto;
				SUPPORTED_PLATFORMS = "iphoneos iphonesimulator macosx";
				SWIFT_EMIT_LOC_STRINGS = YES;
				SWIFT_OBJC_BRIDGING_HEADER = "DangerousObjcMigration/DangerousObjcMigration-Bridging-Header.h";
				SWIFT_OPTIMIZATION_LEVEL = "-Onone";
				SWIFT_VERSION = 5.0;
				TARGETED_DEVICE_FAMILY = "1,2";
			};
			name = Debug;
		};
		93FFAAFD29BDD8B400197486 /* Release */ = {
			isa = XCBuildConfiguration;
			buildSettings = {
				ASSETCATALOG_COMPILER_APPICON_NAME = AppIcon;
				ASSETCATALOG_COMPILER_GLOBAL_ACCENT_COLOR_NAME = AccentColor;
				CLANG_ENABLE_MODULES = YES;
				CODE_SIGN_ENTITLEMENTS = DangerousObjcMigration/DangerousObjcMigration.entitlements;
				CODE_SIGN_STYLE = Automatic;
				CURRENT_PROJECT_VERSION = 1;
				DEVELOPMENT_ASSET_PATHS = "\"DangerousObjcMigration/Preview Content\"";
				ENABLE_PREVIEWS = YES;
				GENERATE_INFOPLIST_FILE = YES;
				"INFOPLIST_KEY_UIApplicationSceneManifest_Generation[sdk=iphoneos*]" = YES;
				"INFOPLIST_KEY_UIApplicationSceneManifest_Generation[sdk=iphonesimulator*]" = YES;
				"INFOPLIST_KEY_UIApplicationSupportsIndirectInputEvents[sdk=iphoneos*]" = YES;
				"INFOPLIST_KEY_UIApplicationSupportsIndirectInputEvents[sdk=iphonesimulator*]" = YES;
				"INFOPLIST_KEY_UILaunchScreen_Generation[sdk=iphoneos*]" = YES;
				"INFOPLIST_KEY_UILaunchScreen_Generation[sdk=iphonesimulator*]" = YES;
				"INFOPLIST_KEY_UIStatusBarStyle[sdk=iphoneos*]" = UIStatusBarStyleDefault;
				"INFOPLIST_KEY_UIStatusBarStyle[sdk=iphonesimulator*]" = UIStatusBarStyleDefault;
				INFOPLIST_KEY_UISupportedInterfaceOrientations_iPad = "UIInterfaceOrientationPortrait UIInterfaceOrientationPortraitUpsideDown UIInterfaceOrientationLandscapeLeft UIInterfaceOrientationLandscapeRight";
				INFOPLIST_KEY_UISupportedInterfaceOrientations_iPhone = "UIInterfaceOrientationPortrait UIInterfaceOrientationLandscapeLeft UIInterfaceOrientationLandscapeRight";
				IPHONEOS_DEPLOYMENT_TARGET = 16.2;
				LD_RUNPATH_SEARCH_PATHS = "@executable_path/Frameworks";
				"LD_RUNPATH_SEARCH_PATHS[sdk=macosx*]" = "@executable_path/../Frameworks";
				MACOSX_DEPLOYMENT_TARGET = 13.1;
				MARKETING_VERSION = 1.0;
				PRODUCT_BUNDLE_IDENTIFIER = com.shinwan2.DangerousObjcMigration;
				PRODUCT_NAME = "$(TARGET_NAME)";
				SDKROOT = auto;
				SUPPORTED_PLATFORMS = "iphoneos iphonesimulator macosx";
				SWIFT_EMIT_LOC_STRINGS = YES;
				SWIFT_OBJC_BRIDGING_HEADER = "DangerousObjcMigration/DangerousObjcMigration-Bridging-Header.h";
				SWIFT_VERSION = 5.0;
				TARGETED_DEVICE_FAMILY = "1,2";
			};
			name = Release;
		};
		93FFAAFF29BDD8B400197486 /* Debug */ = {
			isa = XCBuildConfiguration;
			buildSettings = {
				ALWAYS_EMBED_SWIFT_STANDARD_LIBRARIES = YES;
				BUNDLE_LOADER = "$(TEST_HOST)";
				CLANG_ENABLE_MODULES = YES;
				CODE_SIGN_STYLE = Automatic;
				CURRENT_PROJECT_VERSION = 1;
				GENERATE_INFOPLIST_FILE = YES;
				IPHONEOS_DEPLOYMENT_TARGET = 16.2;
				LD_RUNPATH_SEARCH_PATHS = (
					"$(inherited)",
					"@executable_path/Frameworks",
					"@loader_path/Frameworks",
				);
				MACOSX_DEPLOYMENT_TARGET = 13.1;
				MARKETING_VERSION = 1.0;
				PRODUCT_BUNDLE_IDENTIFIER = com.shinwan2.DangerousObjcMigrationTests;
				PRODUCT_NAME = "$(TARGET_NAME)";
				SDKROOT = auto;
				SUPPORTED_PLATFORMS = "iphoneos iphonesimulator macosx";
				SWIFT_EMIT_LOC_STRINGS = NO;
				SWIFT_OBJC_BRIDGING_HEADER = "DangerousObjcMigrationTests/DangerousObjcMigrationTests-Bridging-Header.h";
				SWIFT_OPTIMIZATION_LEVEL = "-Onone";
				SWIFT_VERSION = 5.0;
				TARGETED_DEVICE_FAMILY = "1,2";
				TEST_HOST = "$(BUILT_PRODUCTS_DIR)/DangerousObjcMigration.app/$(BUNDLE_EXECUTABLE_FOLDER_PATH)/DangerousObjcMigration";
			};
			name = Debug;
		};
		93FFAB0029BDD8B400197486 /* Release */ = {
			isa = XCBuildConfiguration;
			buildSettings = {
				ALWAYS_EMBED_SWIFT_STANDARD_LIBRARIES = YES;
				BUNDLE_LOADER = "$(TEST_HOST)";
				CLANG_ENABLE_MODULES = YES;
				CODE_SIGN_STYLE = Automatic;
				CURRENT_PROJECT_VERSION = 1;
				GENERATE_INFOPLIST_FILE = YES;
				IPHONEOS_DEPLOYMENT_TARGET = 16.2;
				LD_RUNPATH_SEARCH_PATHS = (
					"$(inherited)",
					"@executable_path/Frameworks",
					"@loader_path/Frameworks",
				);
				MACOSX_DEPLOYMENT_TARGET = 13.1;
				MARKETING_VERSION = 1.0;
				PRODUCT_BUNDLE_IDENTIFIER = com.shinwan2.DangerousObjcMigrationTests;
				PRODUCT_NAME = "$(TARGET_NAME)";
				SDKROOT = auto;
				SUPPORTED_PLATFORMS = "iphoneos iphonesimulator macosx";
				SWIFT_EMIT_LOC_STRINGS = NO;
				SWIFT_OBJC_BRIDGING_HEADER = "DangerousObjcMigrationTests/DangerousObjcMigrationTests-Bridging-Header.h";
				SWIFT_VERSION = 5.0;
				TARGETED_DEVICE_FAMILY = "1,2";
				TEST_HOST = "$(BUILT_PRODUCTS_DIR)/DangerousObjcMigration.app/$(BUNDLE_EXECUTABLE_FOLDER_PATH)/DangerousObjcMigration";
			};
			name = Release;
		};
		93FFAB0229BDD8B400197486 /* Debug */ = {
			isa = XCBuildConfiguration;
			buildSettings = {
				ALWAYS_EMBED_SWIFT_STANDARD_LIBRARIES = YES;
				CODE_SIGN_STYLE = Automatic;
				CURRENT_PROJECT_VERSION = 1;
				GENERATE_INFOPLIST_FILE = YES;
				IPHONEOS_DEPLOYMENT_TARGET = 16.2;
				MACOSX_DEPLOYMENT_TARGET = 13.1;
				MARKETING_VERSION = 1.0;
				PRODUCT_BUNDLE_IDENTIFIER = com.shinwan2.DangerousObjcMigrationUITests;
				PRODUCT_NAME = "$(TARGET_NAME)";
				SDKROOT = auto;
				SUPPORTED_PLATFORMS = "iphoneos iphonesimulator macosx";
				SWIFT_EMIT_LOC_STRINGS = NO;
				SWIFT_VERSION = 5.0;
				TARGETED_DEVICE_FAMILY = "1,2";
				TEST_TARGET_NAME = DangerousObjcMigration;
			};
			name = Debug;
		};
		93FFAB0329BDD8B400197486 /* Release */ = {
			isa = XCBuildConfiguration;
			buildSettings = {
				ALWAYS_EMBED_SWIFT_STANDARD_LIBRARIES = YES;
				CODE_SIGN_STYLE = Automatic;
				CURRENT_PROJECT_VERSION = 1;
				GENERATE_INFOPLIST_FILE = YES;
				IPHONEOS_DEPLOYMENT_TARGET = 16.2;
				MACOSX_DEPLOYMENT_TARGET = 13.1;
				MARKETING_VERSION = 1.0;
				PRODUCT_BUNDLE_IDENTIFIER = com.shinwan2.DangerousObjcMigrationUITests;
				PRODUCT_NAME = "$(TARGET_NAME)";
				SDKROOT = auto;
				SUPPORTED_PLATFORMS = "iphoneos iphonesimulator macosx";
				SWIFT_EMIT_LOC_STRINGS = NO;
				SWIFT_VERSION = 5.0;
				TARGETED_DEVICE_FAMILY = "1,2";
				TEST_TARGET_NAME = DangerousObjcMigration;
			};
			name = Release;
		};
/* End XCBuildConfiguration section */

/* Begin XCConfigurationList section */
		93FFAAD129BDD8B300197486 /* Build configuration list for PBXProject "DangerousObjcMigration" */ = {
			isa = XCConfigurationList;
			buildConfigurations = (
				93FFAAF929BDD8B400197486 /* Debug */,
				93FFAAFA29BDD8B400197486 /* Release */,
			);
			defaultConfigurationIsVisible = 0;
			defaultConfigurationName = Release;
		};
		93FFAAFB29BDD8B400197486 /* Build configuration list for PBXNativeTarget "DangerousObjcMigration" */ = {
			isa = XCConfigurationList;
			buildConfigurations = (
				93FFAAFC29BDD8B400197486 /* Debug */,
				93FFAAFD29BDD8B400197486 /* Release */,
			);
			defaultConfigurationIsVisible = 0;
			defaultConfigurationName = Release;
		};
		93FFAAFE29BDD8B400197486 /* Build configuration list for PBXNativeTarget "DangerousObjcMigrationTests" */ = {
			isa = XCConfigurationList;
			buildConfigurations = (
				93FFAAFF29BDD8B400197486 /* Debug */,
				93FFAB0029BDD8B400197486 /* Release */,
			);
			defaultConfigurationIsVisible = 0;
			defaultConfigurationName = Release;
		};
		93FFAB0129BDD8B400197486 /* Build configuration list for PBXNativeTarget "DangerousObjcMigrationUITests" */ = {
			isa = XCConfigurationList;
			buildConfigurations = (
				93FFAB0229BDD8B400197486 /* Debug */,
				93FFAB0329BDD8B400197486 /* Release */,
			);
			defaultConfigurationIsVisible = 0;
			defaultConfigurationName = Release;
		};
/* End XCConfigurationList section */
	};
	rootObject = 93FFAACE29BDD8B300197486 /* Project object */;
}
